
Microsoft Visual Studio Solution File, Format Version 12.00
# Visual Studio Version 17
VisualStudioVersion = 17.0.32112.339
MinimumVisualStudioVersion = 10.0.40219.1
Project("{FAE04EC0-301F-11D3-BF4B-00C04F79EFBC}") = "PasswordManager", "PasswordManager\PasswordManager.csproj", "{8751276C-4CE7-4BBE-91D3-9F9A99F2C70C}"
EndProject
Project("{FAE04EC0-301F-11D3-BF4B-00C04F79EFBC}") = "PasswordManager.Tests", "PasswordManager.Tests\PasswordManager.Tests.csproj", "{54587EE5-FE55-4685-B8A9-ED1DB57BE8AF}"
EndProject
Global
	GlobalSection(SolutionConfigurationPlatforms) = preSolution
		Debug|Any CPU = Debug|Any CPU
		Release|Any CPU = Release|Any CPU
	EndGlobalSection
	GlobalSection(ProjectConfigurationPlatforms) = postSolution
		{8751276C-4CE7-4BBE-91D3-9F9A99F2C70C}.Debug|Any CPU.ActiveCfg = Debug|Any CPU
		{8751276C-4CE7-4BBE-91D3-9F9A99F2C70C}.Debug|Any CPU.Build.0 = Debug|Any CPU
		{8751276C-4CE7-4BBE-91D3-9F9A99F2C70C}.Release|Any CPU.ActiveCfg = Release|Any CPU
		{8751276C-4CE7-4BBE-91D3-9F9A99F2C70C}.Release|Any CPU.Build.0 = Release|Any CPU
		{54587EE5-FE55-4685-B8A9-ED1DB57BE8AF}.Debug|Any CPU.ActiveCfg = Debug|Any CPU
		{54587EE5-FE55-4685-B8A9-ED1DB57BE8AF}.Debug|Any CPU.Build.0 = Debug|Any CPU
		{54587EE5-FE55-4685-B8A9-ED1DB57BE8AF}.Release|Any CPU.ActiveCfg = Release|Any CPU
		{54587EE5-FE55-4685-B8A9-ED1DB57BE8AF}.Release|Any CPU.Build.0 = Release|Any CPU
	EndGlobalSection
	GlobalSection(SolutionProperties) = preSolution
		HideSolutionNode = FALSE
	EndGlobalSection
	GlobalSection(ExtensibilityGlobals) = postSolution
		SolutionGuid = {9AD40BAF-3CCB-46F2-91B9-BF9D62CFED11}
	EndGlobalSection
EndGlobal
